// !$*UTF8*$!
{
	archiveVersion = 1;
	classes = {
	};
	objectVersion = 46;
	objects = {

/* Begin PBXBuildFile section */
		3D8015E31E59306D00F0D3CD /* User.swift in Sources */ = {isa = PBXBuildFile; fileRef = 3D8015E21E59306D00F0D3CD /* User.swift */; };
		3D8015E51E59319600F0D3CD /* Tweet.swift in Sources */ = {isa = PBXBuildFile; fileRef = 3D8015E41E59319600F0D3CD /* Tweet.swift */; };
		3D8015E81E59709300F0D3CD /* TwitterClient.swift in Sources */ = {isa = PBXBuildFile; fileRef = 3D8015E71E59709300F0D3CD /* TwitterClient.swift */; };
		3D8015EA1E59892400F0D3CD /* TweetsViewController.swift in Sources */ = {isa = PBXBuildFile; fileRef = 3D8015E91E59892400F0D3CD /* TweetsViewController.swift */; };
		3D9B51B41E57FEDB0035B326 /* LoginViewController.swift in Sources */ = {isa = PBXBuildFile; fileRef = 3D9B51B31E57FEDB0035B326 /* LoginViewController.swift */; };
		3DF3267C1E577731007A7446 /* AppDelegate.swift in Sources */ = {isa = PBXBuildFile; fileRef = 3DF3267B1E577731007A7446 /* AppDelegate.swift */; };
		3DF326811E577731007A7446 /* Main.storyboard in Resources */ = {isa = PBXBuildFile; fileRef = 3DF3267F1E577731007A7446 /* Main.storyboard */; };
		3DF326831E577731007A7446 /* Assets.xcassets in Resources */ = {isa = PBXBuildFile; fileRef = 3DF326821E577731007A7446 /* Assets.xcassets */; };
		3DF326861E577731007A7446 /* LaunchScreen.storyboard in Resources */ = {isa = PBXBuildFile; fileRef = 3DF326841E577731007A7446 /* LaunchScreen.storyboard */; };
		BF42FE7761DB96979B207486 /* Pods_Pikipek.framework in Frameworks */ = {isa = PBXBuildFile; fileRef = 567447876AAA8F15D9D8278A /* Pods_Pikipek.framework */; };
/* End PBXBuildFile section */

/* Begin PBXFileReference section */
		3D8015E21E59306D00F0D3CD /* User.swift */ = {isa = PBXFileReference; fileEncoding = 4; lastKnownFileType = sourcecode.swift; path = User.swift; sourceTree = "<group>"; };
		3D8015E41E59319600F0D3CD /* Tweet.swift */ = {isa = PBXFileReference; fileEncoding = 4; lastKnownFileType = sourcecode.swift; path = Tweet.swift; sourceTree = "<group>"; };
		3D8015E71E59709300F0D3CD /* TwitterClient.swift */ = {isa = PBXFileReference; fileEncoding = 4; lastKnownFileType = sourcecode.swift; path = TwitterClient.swift; sourceTree = "<group>"; };
		3D8015E91E59892400F0D3CD /* TweetsViewController.swift */ = {isa = PBXFileReference; fileEncoding = 4; lastKnownFileType = sourcecode.swift; path = TweetsViewController.swift; sourceTree = "<group>"; };
		3D9B51B31E57FEDB0035B326 /* LoginViewController.swift */ = {isa = PBXFileReference; fileEncoding = 4; lastKnownFileType = sourcecode.swift; path = LoginViewController.swift; sourceTree = "<group>"; };
		3DF326781E577731007A7446 /* Pikipek.app */ = {isa = PBXFileReference; explicitFileType = wrapper.application; includeInIndex = 0; path = Pikipek.app; sourceTree = BUILT_PRODUCTS_DIR; };
		3DF3267B1E577731007A7446 /* AppDelegate.swift */ = {isa = PBXFileReference; lastKnownFileType = sourcecode.swift; path = AppDelegate.swift; sourceTree = "<group>"; };
		3DF326801E577731007A7446 /* Base */ = {isa = PBXFileReference; lastKnownFileType = file.storyboard; name = Base; path = Base.lproj/Main.storyboard; sourceTree = "<group>"; };
		3DF326821E577731007A7446 /* Assets.xcassets */ = {isa = PBXFileReference; lastKnownFileType = folder.assetcatalog; path = Assets.xcassets; sourceTree = "<group>"; };
		3DF326851E577731007A7446 /* Base */ = {isa = PBXFileReference; lastKnownFileType = file.storyboard; name = Base; path = Base.lproj/LaunchScreen.storyboard; sourceTree = "<group>"; };
		3DF326871E577731007A7446 /* Info.plist */ = {isa = PBXFileReference; lastKnownFileType = text.plist.xml; path = Info.plist; sourceTree = "<group>"; };
		4E92448296DE335A473C7995 /* Pods-Pikipek.release.xcconfig */ = {isa = PBXFileReference; includeInIndex = 1; lastKnownFileType = text.xcconfig; name = "Pods-Pikipek.release.xcconfig"; path = "Pods/Target Support Files/Pods-Pikipek/Pods-Pikipek.release.xcconfig"; sourceTree = "<group>"; };
		567447876AAA8F15D9D8278A /* Pods_Pikipek.framework */ = {isa = PBXFileReference; explicitFileType = wrapper.framework; includeInIndex = 0; path = Pods_Pikipek.framework; sourceTree = BUILT_PRODUCTS_DIR; };
		CEA48D93753ECF4AD8DA77E0 /* Pods-Pikipek.debug.xcconfig */ = {isa = PBXFileReference; includeInIndex = 1; lastKnownFileType = text.xcconfig; name = "Pods-Pikipek.debug.xcconfig"; path = "Pods/Target Support Files/Pods-Pikipek/Pods-Pikipek.debug.xcconfig"; sourceTree = "<group>"; };
/* End PBXFileReference section */

/* Begin PBXFrameworksBuildPhase section */
		3DF326751E577731007A7446 /* Frameworks */ = {
			isa = PBXFrameworksBuildPhase;
			buildActionMask = 2147483647;
			files = (
				BF42FE7761DB96979B207486 /* Pods_Pikipek.framework in Frameworks */,
			);
			runOnlyForDeploymentPostprocessing = 0;
		};
/* End PBXFrameworksBuildPhase section */

/* Begin PBXGroup section */
		3D8015E11E59305600F0D3CD /* Models */ = {
			isa = PBXGroup;
			children = (
				3D8015E21E59306D00F0D3CD /* User.swift */,
				3D8015E41E59319600F0D3CD /* Tweet.swift */,
			);
			name = Models;
			sourceTree = "<group>";
		};
		3D8015E61E59706D00F0D3CD /* API Client */ = {
			isa = PBXGroup;
			children = (
				3D8015E71E59709300F0D3CD /* TwitterClient.swift */,
			);
			name = "API Client";
			sourceTree = "<group>";
		};
		3D9B51B21E57FEB30035B326 /* Controllers */ = {
			isa = PBXGroup;
			children = (
				3D9B51B31E57FEDB0035B326 /* LoginViewController.swift */,
				3D8015E91E59892400F0D3CD /* TweetsViewController.swift */,
			);
			name = Controllers;
			sourceTree = "<group>";
		};
		3DF3266F1E577731007A7446 = {
			isa = PBXGroup;
			children = (
				3DF3267A1E577731007A7446 /* Pikipek */,
				3DF326791E577731007A7446 /* Products */,
				7A9042118F5B9B7DA47A2A70 /* Pods */,
				F71C9D2B878DC059FA7A70E7 /* Frameworks */,
			);
			sourceTree = "<group>";
		};
		3DF326791E577731007A7446 /* Products */ = {
			isa = PBXGroup;
			children = (
				3DF326781E577731007A7446 /* Pikipek.app */,
			);
			name = Products;
			sourceTree = "<group>";
		};
		3DF3267A1E577731007A7446 /* Pikipek */ = {
			isa = PBXGroup;
			children = (
				3D8015E61E59706D00F0D3CD /* API Client */,
				3D8015E11E59305600F0D3CD /* Models */,
				3D9B51B21E57FEB30035B326 /* Controllers */,
				3DF3267B1E577731007A7446 /* AppDelegate.swift */,
				3DF3267F1E577731007A7446 /* Main.storyboard */,
				3DF326821E577731007A7446 /* Assets.xcassets */,
				3DF326841E577731007A7446 /* LaunchScreen.storyboard */,
				3DF326871E577731007A7446 /* Info.plist */,
			);
			path = Pikipek;
			sourceTree = "<group>";
		};
		7A9042118F5B9B7DA47A2A70 /* Pods */ = {
			isa = PBXGroup;
			children = (
				CEA48D93753ECF4AD8DA77E0 /* Pods-Pikipek.debug.xcconfig */,
				4E92448296DE335A473C7995 /* Pods-Pikipek.release.xcconfig */,
			);
			name = Pods;
			sourceTree = "<group>";
		};
		F71C9D2B878DC059FA7A70E7 /* Frameworks */ = {
			isa = PBXGroup;
			children = (
				567447876AAA8F15D9D8278A /* Pods_Pikipek.framework */,
			);
			name = Frameworks;
			sourceTree = "<group>";
		};
/* End PBXGroup section */

/* Begin PBXNativeTarget section */
		3DF326771E577731007A7446 /* Pikipek */ = {
			isa = PBXNativeTarget;
			buildConfigurationList = 3DF3268A1E577731007A7446 /* Build configuration list for PBXNativeTarget "Pikipek" */;
			buildPhases = (
				4C2B34DEBFE6660CD353C490 /* [CP] Check Pods Manifest.lock */,
				3DF326741E577731007A7446 /* Sources */,
				3DF326751E577731007A7446 /* Frameworks */,
				3DF326761E577731007A7446 /* Resources */,
				C40B439CB41079DFF01776D1 /* [CP] Embed Pods Frameworks */,
				624B50AF4CED87B203132151 /* [CP] Copy Pods Resources */,
			);
			buildRules = (
			);
			dependencies = (
			);
			name = Pikipek;
			productName = Pikipek;
			productReference = 3DF326781E577731007A7446 /* Pikipek.app */;
			productType = "com.apple.product-type.application";
		};
/* End PBXNativeTarget section */

/* Begin PBXProject section */
		3DF326701E577731007A7446 /* Project object */ = {
			isa = PBXProject;
			attributes = {
				LastSwiftUpdateCheck = 0820;
				LastUpgradeCheck = 0820;
				ORGANIZATIONNAME = "Ajeya Rengarajan";
				TargetAttributes = {
					3DF326771E577731007A7446 = {
						CreatedOnToolsVersion = 8.2.1;
						DevelopmentTeam = 26995U26P3;
						ProvisioningStyle = Automatic;
					};
				};
			};
			buildConfigurationList = 3DF326731E577731007A7446 /* Build configuration list for PBXProject "Pikipek" */;
			compatibilityVersion = "Xcode 3.2";
			developmentRegion = English;
			hasScannedForEncodings = 0;
			knownRegions = (
				en,
				Base,
			);
			mainGroup = 3DF3266F1E577731007A7446;
			productRefGroup = 3DF326791E577731007A7446 /* Products */;
			projectDirPath = "";
			projectRoot = "";
			targets = (
				3DF326771E577731007A7446 /* Pikipek */,
			);
		};
/* End PBXProject section */

/* Begin PBXResourcesBuildPhase section */
		3DF326761E577731007A7446 /* Resources */ = {
			isa = PBXResourcesBuildPhase;
			buildActionMask = 2147483647;
			files = (
				3DF326861E577731007A7446 /* LaunchScreen.storyboard in Resources */,
				3DF326831E577731007A7446 /* Assets.xcassets in Resources */,
				3DF326811E577731007A7446 /* Main.storyboard in Resources */,
			);
			runOnlyForDeploymentPostprocessing = 0;
		};
/* End PBXResourcesBuildPhase section */

/* Begin PBXShellScriptBuildPhase section */
		4C2B34DEBFE6660CD353C490 /* [CP] Check Pods Manifest.lock */ = {
			isa = PBXShellScriptBuildPhase;
			buildActionMask = 2147483647;
			files = (
			);
			inputPaths = (
			);
			name = "[CP] Check Pods Manifest.lock";
			outputPaths = (
			);
			runOnlyForDeploymentPostprocessing = 0;
			shellPath = /bin/sh;
			shellScript = "diff \"${PODS_ROOT}/../Podfile.lock\" \"${PODS_ROOT}/Manifest.lock\" > /dev/null\nif [ $? != 0 ] ; then\n    # print error to STDERR\n    echo \"error: The sandbox is not in sync with the Podfile.lock. Run 'pod install' or update your CocoaPods installation.\" >&2\n    exit 1\nfi\n";
			showEnvVarsInLog = 0;
		};
		624B50AF4CED87B203132151 /* [CP] Copy Pods Resources */ = {
			isa = PBXShellScriptBuildPhase;
			buildActionMask = 2147483647;
			files = (
			);
			inputPaths = (
			);
			name = "[CP] Copy Pods Resources";
			outputPaths = (
			);
			runOnlyForDeploymentPostprocessing = 0;
			shellPath = /bin/sh;
			shellScript = "\"${SRCROOT}/Pods/Target Support Files/Pods-Pikipek/Pods-Pikipek-resources.sh\"\n";
			showEnvVarsInLog = 0;
		};
		C40B439CB41079DFF01776D1 /* [CP] Embed Pods Frameworks */ = {
			isa = PBXShellScriptBuildPhase;
			buildActionMask = 2147483647;
			files = (
			);
			inputPaths = (
			);
			name = "[CP] Embed Pods Frameworks";
			outputPaths = (
			);
			runOnlyForDeploymentPostprocessing = 0;
			shellPath = /bin/sh;
			shellScript = "\"${SRCROOT}/Pods/Target Support Files/Pods-Pikipek/Pods-Pikipek-frameworks.sh\"\n";
			showEnvVarsInLog = 0;
		};
/* End PBXShellScriptBuildPhase section */

/* Begin PBXSourcesBuildPhase section */
		3DF326741E577731007A7446 /* Sources */ = {
			isa = PBXSourcesBuildPhase;
			buildActionMask = 2147483647;
			files = (
				3D8015E81E59709300F0D3CD /* TwitterClient.swift in Sources */,
				3D9B51B41E57FEDB0035B326 /* LoginViewController.swift in Sources */,
				3D8015EA1E59892400F0D3CD /* TweetsViewController.swift in Sources */,
				3DF3267C1E577731007A7446 /* AppDelegate.swift in Sources */,
				3D8015E31E59306D00F0D3CD /* User.swift in Sources */,
				3D8015E51E59319600F0D3CD /* Tweet.swift in Sources */,
			);
			runOnlyForDeploymentPostprocessing = 0;
		};
/* End PBXSourcesBuildPhase section */

/* Begin PBXVariantGroup section */
		3DF3267F1E577731007A7446 /* Main.storyboard */ = {
			isa = PBXVariantGroup;
			children = (
				3DF326801E577731007A7446 /* Base */,
			);
			name = Main.storyboard;
			sourceTree = "<group>";
		};
		3DF326841E577731007A7446 /* LaunchScreen.storyboard */ = {
			isa = PBXVariantGroup;
			children = (
				3DF326851E577731007A7446 /* Base */,
			);
			name = LaunchScreen.storyboard;
			sourceTree = "<group>";
		};
/* End PBXVariantGroup section */

/* Begin XCBuildConfiguration section */
		3DF326881E577731007A7446 /* Debug */ = {
			isa = XCBuildConfiguration;
			buildSettings = {
				ALWAYS_SEARCH_USER_PATHS = NO;
				CLANG_ANALYZER_NONNULL = YES;
				CLANG_CXX_LANGUAGE_STANDARD = "gnu++0x";
				CLANG_CXX_LIBRARY = "libc++";
				CLANG_ENABLE_MODULES = YES;
				CLANG_ENABLE_OBJC_ARC = YES;
				CLANG_WARN_BOOL_CONVERSION = YES;
				CLANG_WARN_CONSTANT_CONVERSION = YES;
				CLANG_WARN_DIRECT_OBJC_ISA_USAGE = YES_ERROR;
				CLANG_WARN_DOCUMENTATION_COMMENTS = YES;
				CLANG_WARN_EMPTY_BODY = YES;
				CLANG_WARN_ENUM_CONVERSION = YES;
				CLANG_WARN_INFINITE_RECURSION = YES;
				CLANG_WARN_INT_CONVERSION = YES;
				CLANG_WARN_OBJC_ROOT_CLASS = YES_ERROR;
				CLANG_WARN_SUSPICIOUS_MOVE = YES;
				CLANG_WARN_UNREACHABLE_CODE = YES;
				CLANG_WARN__DUPLICATE_METHOD_MATCH = YES;
				"CODE_SIGN_IDENTITY[sdk=iphoneos*]" = "iPhone Developer";
				COPY_PHASE_STRIP = NO;
				DEBUG_INFORMATION_FORMAT = dwarf;
				ENABLE_STRICT_OBJC_MSGSEND = YES;
				ENABLE_TESTABILITY = YES;
				GCC_C_LANGUAGE_STANDARD = gnu99;
				GCC_DYNAMIC_NO_PIC = NO;
				GCC_NO_COMMON_BLOCKS = YES;
				GCC_OPTIMIZATION_LEVEL = 0;
				GCC_PREPROCESSOR_DEFINITIONS = (
					"DEBUG=1",
					"$(inherited)",
				);
				GCC_WARN_64_TO_32_BIT_CONVERSION = YES;
				GCC_WARN_ABOUT_RETURN_TYPE = YES_ERROR;
				GCC_WARN_UNDECLARED_SELECTOR = YES;
				GCC_WARN_UNINITIALIZED_AUTOS = YES_AGGRESSIVE;
				GCC_WARN_UNUSED_FUNCTION = YES;
				GCC_WARN_UNUSED_VARIABLE = YES;
				IPHONEOS_DEPLOYMENT_TARGET = 10.2;
				MTL_ENABLE_DEBUG_INFO = YES;
				ONLY_ACTIVE_ARCH = YES;
				SDKROOT = iphoneos;
				SWIFT_ACTIVE_COMPILATION_CONDITIONS = DEBUG;
				SWIFT_OPTIMIZATION_LEVEL = "-Onone";
				TARGETED_DEVICE_FAMILY = "1,2";
			};
			name = Debug;
		};
		3DF326891E577731007A7446 /* Release */ = {
			isa = XCBuildConfiguration;
			buildSettings = {
				ALWAYS_SEARCH_USER_PATHS = NO;
				CLANG_ANALYZER_NONNULL = YES;
				CLANG_CXX_LANGUAGE_STANDARD = "gnu++0x";
				CLANG_CXX_LIBRARY = "libc++";
				CLANG_ENABLE_MODULES = YES;
				CLANG_ENABLE_OBJC_ARC = YES;
				CLANG_WARN_BOOL_CONVERSION = YES;
				CLANG_WARN_CONSTANT_CONVERSION = YES;
				CLANG_WARN_DIRECT_OBJC_ISA_USAGE = YES_ERROR;
				CLANG_WARN_DOCUMENTATION_COMMENTS = YES;
				CLANG_WARN_EMPTY_BODY = YES;
				CLANG_WARN_ENUM_CONVERSION = YES;
				CLANG_WARN_INFINITE_RECURSION = YES;
				CLANG_WARN_INT_CONVERSION = YES;
				CLANG_WARN_OBJC_ROOT_CLASS = YES_ERROR;
				CLANG_WARN_SUSPICIOUS_MOVE = YES;
				CLANG_WARN_UNREACHABLE_CODE = YES;
				CLANG_WARN__DUPLICATE_METHOD_MATCH = YES;
				"CODE_SIGN_IDENTITY[sdk=iphoneos*]" = "iPhone Developer";
				COPY_PHASE_STRIP = NO;
				DEBUG_INFORMATION_FORMAT = "dwarf-with-dsym";
				ENABLE_NS_ASSERTIONS = NO;
				ENABLE_STRICT_OBJC_MSGSEND = YES;
				GCC_C_LANGUAGE_STANDARD = gnu99;
				GCC_NO_COMMON_BLOCKS = YES;
				GCC_WARN_64_TO_32_BIT_CONVERSION = YES;
				GCC_WARN_ABOUT_RETURN_TYPE = YES_ERROR;
				GCC_WARN_UNDECLARED_SELECTOR = YES;
				GCC_WARN_UNINITIALIZED_AUTOS = YES_AGGRESSIVE;
				GCC_WARN_UNUSED_FUNCTION = YES;
				GCC_WARN_UNUSED_VARIABLE = YES;
				IPHONEOS_DEPLOYMENT_TARGET = 10.2;
				MTL_ENABLE_DEBUG_INFO = NO;
				SDKROOT = iphoneos;
				SWIFT_OPTIMIZATION_LEVEL = "-Owholemodule";
				TARGETED_DEVICE_FAMILY = "1,2";
				VALIDATE_PRODUCT = YES;
			};
			name = Release;
		};
		3DF3268B1E577731007A7446 /* Debug */ = {
			isa = XCBuildConfiguration;
			baseConfigurationReference = CEA48D93753ECF4AD8DA77E0 /* Pods-Pikipek.debug.xcconfig */;
			buildSettings = {
				ASSETCATALOG_COMPILER_APPICON_NAME = AppIcon;
				DEVELOPMENT_TEAM = 26995U26P3;
				INFOPLIST_FILE = Pikipek/Info.plist;
				LD_RUNPATH_SEARCH_PATHS = "$(inherited) @executable_path/Frameworks";
				PRODUCT_BUNDLE_IDENTIFIER = com.ajeya.learner.Pikipek;
				PRODUCT_NAME = "$(TARGET_NAME)";
				SWIFT_VERSION = 3.0;
			};
			name = Debug;
		};
		3DF3268C1E577731007A7446 /* Release */ = {
			isa = XCBuildConfiguration;
			baseConfigurationReference = 4E92448296DE335A473C7995 /* Pods-Pikipek.release.xcconfig */;
			buildSettings = {
				ASSETCATALOG_COMPILER_APPICON_NAME = AppIcon;
				DEVELOPMENT_TEAM = 26995U26P3;
				INFOPLIST_FILE = Pikipek/Info.plist;
				LD_RUNPATH_SEARCH_PATHS = "$(inherited) @executable_path/Frameworks";
				PRODUCT_BUNDLE_IDENTIFIER = com.ajeya.learner.Pikipek;
				PRODUCT_NAME = "$(TARGET_NAME)";
				SWIFT_VERSION = 3.0;
			};
			name = Release;
		};
/* End XCBuildConfiguration section */

/* Begin XCConfigurationList section */
		3DF326731E577731007A7446 /* Build configuration list for PBXProject "Pikipek" */ = {
			isa = XCConfigurationList;
			buildConfigurations = (
				3DF326881E577731007A7446 /* Debug */,
				3DF326891E577731007A7446 /* Release */,
			);
			defaultConfigurationIsVisible = 0;
			defaultConfigurationName = Release;
		};
		3DF3268A1E577731007A7446 /* Build configuration list for PBXNativeTarget "Pikipek" */ = {
			isa = XCConfigurationList;
			buildConfigurations = (
				3DF3268B1E577731007A7446 /* Debug */,
				3DF3268C1E577731007A7446 /* Release */,
			);
			defaultConfigurationIsVisible = 0;
			defaultConfigurationName = Release;
		};
/* End XCConfigurationList section */
	};
	rootObject = 3DF326701E577731007A7446 /* Project object */;
}
